name: Update flake.lock

on:
  schedule:
    - cron: "0 7 * * 1"  # Mondays 07:00 UTC
  workflow_dispatch:

permissions:
  contents: write
  pull-requests: write

jobs:
  update:
    name: nix flake update
    runs-on: ubuntu-latest
    steps:
      - uses: actions/checkout@v5

      - name: Install Nix
        uses: DeterminateSystems/nix-installer-action@main
        with:
          extra-conf: |
            experimental-features = nix-command flakes

      - name: Update flake.lock and open PR
        uses: DeterminateSystems/update-flake-lock@main
        with:
          pr-title: "chore: Update flake inputs"
          pr-labels: |
            dependencies
            automated
          commit-msg: "chore: Update flake inputs"
